
Microsoft Visual Studio Solution File, Format Version 12.00
# Visual Studio Version 16
VisualStudioVersion = 16.0.32413.511
MinimumVisualStudioVersion = 10.0.40219.1
Project("{FAE04EC0-301F-11D3-BF4B-00C04F79EFBC}") = "App_API", "App_API.csproj", "{2C95221B-5E12-4D83-A90C-274FC57061F6}"
EndProject
Global
	GlobalSection(SolutionConfigurationPlatforms) = preSolution
		Debug|Any CPU = Debug|Any CPU
		Release|Any CPU = Release|Any CPU
	EndGlobalSection
	GlobalSection(ProjectConfigurationPlatforms) = postSolution
		{2C95221B-5E12-4D83-A90C-274FC57061F6}.Debug|Any CPU.ActiveCfg = Debug|Any CPU
		{2C95221B-5E12-4D83-A90C-274FC57061F6}.Debug|Any CPU.Build.0 = Debug|Any CPU
		{2C95221B-5E12-4D83-A90C-274FC57061F6}.Release|Any CPU.ActiveCfg = Release|Any CPU
		{2C95221B-5E12-4D83-A90C-274FC57061F6}.Release|Any CPU.Build.0 = Release|Any CPU
	EndGlobalSection
	GlobalSection(SolutionProperties) = preSolution
		HideSolutionNode = FALSE
	EndGlobalSection
	GlobalSection(ExtensibilityGlobals) = postSolution
		SolutionGuid = {A8B28B73-207A-4AB2-B252-067B77C657C8}
	EndGlobalSection
EndGlobal
